
Microsoft Visual Studio Solution File, Format Version 12.00
# Visual Studio 2013
VisualStudioVersion = 12.0.31101.0
MinimumVisualStudioVersion = 10.0.40219.1
Project("{FAE04EC0-301F-11D3-BF4B-00C04F79EFBC}") = "ExcelProject", "ExcelProject\ExcelProject.csproj", "{BAD5ECC5-D3D9-4E43-AC9F-B3A6797531AD}"
EndProject
Project("{FAE04EC0-301F-11D3-BF4B-00C04F79EFBC}") = "MvvmProject", "MvvmProject\MvvmProject.csproj", "{3129B560-EABA-445B-A744-250387445272}"
EndProject
Project("{FAE04EC0-301F-11D3-BF4B-00C04F79EFBC}") = "ConsoleTest", "ConsoleTest\ConsoleTest.csproj", "{28326F41-DA08-422E-B732-DDF372D93EEC}"
EndProject
Project("{FAE04EC0-301F-11D3-BF4B-00C04F79EFBC}") = "ExcelUtil", "ExcelUtil\ExcelUtil.csproj", "{D050159D-C6F3-4B66-9851-239E9E0F5ECE}"
EndProject
Global
	GlobalSection(SolutionConfigurationPlatforms) = preSolution
		Debug|Any CPU = Debug|Any CPU
		Release|Any CPU = Release|Any CPU
	EndGlobalSection
	GlobalSection(ProjectConfigurationPlatforms) = postSolution
		{BAD5ECC5-D3D9-4E43-AC9F-B3A6797531AD}.Debug|Any CPU.ActiveCfg = Debug|Any CPU
		{BAD5ECC5-D3D9-4E43-AC9F-B3A6797531AD}.Debug|Any CPU.Build.0 = Debug|Any CPU
		{BAD5ECC5-D3D9-4E43-AC9F-B3A6797531AD}.Release|Any CPU.ActiveCfg = Release|Any CPU
		{BAD5ECC5-D3D9-4E43-AC9F-B3A6797531AD}.Release|Any CPU.Build.0 = Release|Any CPU
		{3129B560-EABA-445B-A744-250387445272}.Debug|Any CPU.ActiveCfg = Debug|Any CPU
		{3129B560-EABA-445B-A744-250387445272}.Debug|Any CPU.Build.0 = Debug|Any CPU
		{3129B560-EABA-445B-A744-250387445272}.Release|Any CPU.ActiveCfg = Release|Any CPU
		{3129B560-EABA-445B-A744-250387445272}.Release|Any CPU.Build.0 = Release|Any CPU
		{28326F41-DA08-422E-B732-DDF372D93EEC}.Debug|Any CPU.ActiveCfg = Debug|Any CPU
		{28326F41-DA08-422E-B732-DDF372D93EEC}.Debug|Any CPU.Build.0 = Debug|Any CPU
		{28326F41-DA08-422E-B732-DDF372D93EEC}.Release|Any CPU.ActiveCfg = Release|Any CPU
		{28326F41-DA08-422E-B732-DDF372D93EEC}.Release|Any CPU.Build.0 = Release|Any CPU
		{D050159D-C6F3-4B66-9851-239E9E0F5ECE}.Debug|Any CPU.ActiveCfg = Debug|Any CPU
		{D050159D-C6F3-4B66-9851-239E9E0F5ECE}.Debug|Any CPU.Build.0 = Debug|Any CPU
		{D050159D-C6F3-4B66-9851-239E9E0F5ECE}.Release|Any CPU.ActiveCfg = Release|Any CPU
		{D050159D-C6F3-4B66-9851-239E9E0F5ECE}.Release|Any CPU.Build.0 = Release|Any CPU
	EndGlobalSection
	GlobalSection(SolutionProperties) = preSolution
		HideSolutionNode = FALSE
	EndGlobalSection
EndGlobal
